
Microsoft Visual Studio Solution File, Format Version 12.00
# Visual Studio Version 17
Project("{8BC9CEB8-8B4A-11D0-8D11-00A0C91BC942}") = "ALL_BUILD", "ALL_BUILD.vcxproj", "{E554EE4E-375D-3825-8346-A5B0CF6ED829}"
	ProjectSection(ProjectDependencies) = postProject
		{42C103AD-4CEB-3E04-93A0-F8AC05884B44} = {42C103AD-4CEB-3E04-93A0-F8AC05884B44}
		{2A80AD56-4230-3DB5-9D19-D6498ED6D330} = {2A80AD56-4230-3DB5-9D19-D6498ED6D330}
		{29E29C10-8F84-3873-BE95-5FC24050F7D9} = {29E29C10-8F84-3873-BE95-5FC24050F7D9}
		{2760CBEB-F04F-31E8-9C9A-813AA0C1B554} = {2760CBEB-F04F-31E8-9C9A-813AA0C1B554}
		{2C28343E-3659-344D-B35F-D7F6D27D78E7} = {2C28343E-3659-344D-B35F-D7F6D27D78E7}
	EndProjectSection
EndProject
Project("{8BC9CEB8-8B4A-11D0-8D11-00A0C91BC942}") = "INSTALL", "INSTALL.vcxproj", "{339DEDD0-0CE0-3025-B4ED-48C97AE5EE4B}"
	ProjectSection(ProjectDependencies) = postProject
		{E554EE4E-375D-3825-8346-A5B0CF6ED829} = {E554EE4E-375D-3825-8346-A5B0CF6ED829}
		{42C103AD-4CEB-3E04-93A0-F8AC05884B44} = {42C103AD-4CEB-3E04-93A0-F8AC05884B44}
	EndProjectSection
EndProject
Project("{8BC9CEB8-8B4A-11D0-8D11-00A0C91BC942}") = "RUN_TESTS", "RUN_TESTS.vcxproj", "{76FBDCD3-A6E9-354A-8F9C-C192BAD6455A}"
	ProjectSection(ProjectDependencies) = postProject
		{42C103AD-4CEB-3E04-93A0-F8AC05884B44} = {42C103AD-4CEB-3E04-93A0-F8AC05884B44}
	EndProjectSection
EndProject
Project("{8BC9CEB8-8B4A-11D0-8D11-00A0C91BC942}") = "ZERO_CHECK", "ZERO_CHECK.vcxproj", "{42C103AD-4CEB-3E04-93A0-F8AC05884B44}"
	ProjectSection(ProjectDependencies) = postProject
	EndProjectSection
EndProject
Project("{8BC9CEB8-8B4A-11D0-8D11-00A0C91BC942}") = "example", "example.vcxproj", "{2A80AD56-4230-3DB5-9D19-D6498ED6D330}"
	ProjectSection(ProjectDependencies) = postProject
		{42C103AD-4CEB-3E04-93A0-F8AC05884B44} = {42C103AD-4CEB-3E04-93A0-F8AC05884B44}
		{2760CBEB-F04F-31E8-9C9A-813AA0C1B554} = {2760CBEB-F04F-31E8-9C9A-813AA0C1B554}
	EndProjectSection
EndProject
Project("{8BC9CEB8-8B4A-11D0-8D11-00A0C91BC942}") = "minigzip", "minigzip.vcxproj", "{29E29C10-8F84-3873-BE95-5FC24050F7D9}"
	ProjectSection(ProjectDependencies) = postProject
		{42C103AD-4CEB-3E04-93A0-F8AC05884B44} = {42C103AD-4CEB-3E04-93A0-F8AC05884B44}
		{2760CBEB-F04F-31E8-9C9A-813AA0C1B554} = {2760CBEB-F04F-31E8-9C9A-813AA0C1B554}
	EndProjectSection
EndProject
Project("{8BC9CEB8-8B4A-11D0-8D11-00A0C91BC942}") = "zlib", "zlib.vcxproj", "{2760CBEB-F04F-31E8-9C9A-813AA0C1B554}"
	ProjectSection(ProjectDependencies) = postProject
		{42C103AD-4CEB-3E04-93A0-F8AC05884B44} = {42C103AD-4CEB-3E04-93A0-F8AC05884B44}
	EndProjectSection
EndProject
Project("{8BC9CEB8-8B4A-11D0-8D11-00A0C91BC942}") = "zlibstatic", "zlibstatic.vcxproj", "{2C28343E-3659-344D-B35F-D7F6D27D78E7}"
	ProjectSection(ProjectDependencies) = postProject
		{42C103AD-4CEB-3E04-93A0-F8AC05884B44} = {42C103AD-4CEB-3E04-93A0-F8AC05884B44}
	EndProjectSection
EndProject
Global
	GlobalSection(SolutionConfigurationPlatforms) = preSolution
		Debug|x64 = Debug|x64
		Release|x64 = Release|x64
		MinSizeRel|x64 = MinSizeRel|x64
		RelWithDebInfo|x64 = RelWithDebInfo|x64
	EndGlobalSection
	GlobalSection(ProjectConfigurationPlatforms) = postSolution
		{E554EE4E-375D-3825-8346-A5B0CF6ED829}.Debug|x64.ActiveCfg = Debug|x64
		{E554EE4E-375D-3825-8346-A5B0CF6ED829}.Debug|x64.Build.0 = Debug|x64
		{E554EE4E-375D-3825-8346-A5B0CF6ED829}.Release|x64.ActiveCfg = Release|x64
		{E554EE4E-375D-3825-8346-A5B0CF6ED829}.Release|x64.Build.0 = Release|x64
		{E554EE4E-375D-3825-8346-A5B0CF6ED829}.MinSizeRel|x64.ActiveCfg = MinSizeRel|x64
		{E554EE4E-375D-3825-8346-A5B0CF6ED829}.MinSizeRel|x64.Build.0 = MinSizeRel|x64
		{E554EE4E-375D-3825-8346-A5B0CF6ED829}.RelWithDebInfo|x64.ActiveCfg = RelWithDebInfo|x64
		{E554EE4E-375D-3825-8346-A5B0CF6ED829}.RelWithDebInfo|x64.Build.0 = RelWithDebInfo|x64
		{339DEDD0-0CE0-3025-B4ED-48C97AE5EE4B}.Debug|x64.ActiveCfg = Debug|x64
		{339DEDD0-0CE0-3025-B4ED-48C97AE5EE4B}.Release|x64.ActiveCfg = Release|x64
		{339DEDD0-0CE0-3025-B4ED-48C97AE5EE4B}.MinSizeRel|x64.ActiveCfg = MinSizeRel|x64
		{339DEDD0-0CE0-3025-B4ED-48C97AE5EE4B}.RelWithDebInfo|x64.ActiveCfg = RelWithDebInfo|x64
		{76FBDCD3-A6E9-354A-8F9C-C192BAD6455A}.Debug|x64.ActiveCfg = Debug|x64
		{76FBDCD3-A6E9-354A-8F9C-C192BAD6455A}.Release|x64.ActiveCfg = Release|x64
		{76FBDCD3-A6E9-354A-8F9C-C192BAD6455A}.MinSizeRel|x64.ActiveCfg = MinSizeRel|x64
		{76FBDCD3-A6E9-354A-8F9C-C192BAD6455A}.RelWithDebInfo|x64.ActiveCfg = RelWithDebInfo|x64
		{42C103AD-4CEB-3E04-93A0-F8AC05884B44}.Debug|x64.ActiveCfg = Debug|x64
		{42C103AD-4CEB-3E04-93A0-F8AC05884B44}.Debug|x64.Build.0 = Debug|x64
		{42C103AD-4CEB-3E04-93A0-F8AC05884B44}.Release|x64.ActiveCfg = Release|x64
		{42C103AD-4CEB-3E04-93A0-F8AC05884B44}.Release|x64.Build.0 = Release|x64
		{42C103AD-4CEB-3E04-93A0-F8AC05884B44}.MinSizeRel|x64.ActiveCfg = MinSizeRel|x64
		{42C103AD-4CEB-3E04-93A0-F8AC05884B44}.MinSizeRel|x64.Build.0 = MinSizeRel|x64
		{42C103AD-4CEB-3E04-93A0-F8AC05884B44}.RelWithDebInfo|x64.ActiveCfg = RelWithDebInfo|x64
		{42C103AD-4CEB-3E04-93A0-F8AC05884B44}.RelWithDebInfo|x64.Build.0 = RelWithDebInfo|x64
		{2A80AD56-4230-3DB5-9D19-D6498ED6D330}.Debug|x64.ActiveCfg = Debug|x64
		{2A80AD56-4230-3DB5-9D19-D6498ED6D330}.Debug|x64.Build.0 = Debug|x64
		{2A80AD56-4230-3DB5-9D19-D6498ED6D330}.Release|x64.ActiveCfg = Release|x64
		{2A80AD56-4230-3DB5-9D19-D6498ED6D330}.Release|x64.Build.0 = Release|x64
		{2A80AD56-4230-3DB5-9D19-D6498ED6D330}.MinSizeRel|x64.ActiveCfg = MinSizeRel|x64
		{2A80AD56-4230-3DB5-9D19-D6498ED6D330}.MinSizeRel|x64.Build.0 = MinSizeRel|x64
		{2A80AD56-4230-3DB5-9D19-D6498ED6D330}.RelWithDebInfo|x64.ActiveCfg = RelWithDebInfo|x64
		{2A80AD56-4230-3DB5-9D19-D6498ED6D330}.RelWithDebInfo|x64.Build.0 = RelWithDebInfo|x64
		{29E29C10-8F84-3873-BE95-5FC24050F7D9}.Debug|x64.ActiveCfg = Debug|x64
		{29E29C10-8F84-3873-BE95-5FC24050F7D9}.Debug|x64.Build.0 = Debug|x64
		{29E29C10-8F84-3873-BE95-5FC24050F7D9}.Release|x64.ActiveCfg = Release|x64
		{29E29C10-8F84-3873-BE95-5FC24050F7D9}.Release|x64.Build.0 = Release|x64
		{29E29C10-8F84-3873-BE95-5FC24050F7D9}.MinSizeRel|x64.ActiveCfg = MinSizeRel|x64
		{29E29C10-8F84-3873-BE95-5FC24050F7D9}.MinSizeRel|x64.Build.0 = MinSizeRel|x64
		{29E29C10-8F84-3873-BE95-5FC24050F7D9}.RelWithDebInfo|x64.ActiveCfg = RelWithDebInfo|x64
		{29E29C10-8F84-3873-BE95-5FC24050F7D9}.RelWithDebInfo|x64.Build.0 = RelWithDebInfo|x64
		{2760CBEB-F04F-31E8-9C9A-813AA0C1B554}.Debug|x64.ActiveCfg = Debug|x64
		{2760CBEB-F04F-31E8-9C9A-813AA0C1B554}.Debug|x64.Build.0 = Debug|x64
		{2760CBEB-F04F-31E8-9C9A-813AA0C1B554}.Release|x64.ActiveCfg = Release|x64
		{2760CBEB-F04F-31E8-9C9A-813AA0C1B554}.Release|x64.Build.0 = Release|x64
		{2760CBEB-F04F-31E8-9C9A-813AA0C1B554}.MinSizeRel|x64.ActiveCfg = MinSizeRel|x64
		{2760CBEB-F04F-31E8-9C9A-813AA0C1B554}.MinSizeRel|x64.Build.0 = MinSizeRel|x64
		{2760CBEB-F04F-31E8-9C9A-813AA0C1B554}.RelWithDebInfo|x64.ActiveCfg = RelWithDebInfo|x64
		{2760CBEB-F04F-31E8-9C9A-813AA0C1B554}.RelWithDebInfo|x64.Build.0 = RelWithDebInfo|x64
		{2C28343E-3659-344D-B35F-D7F6D27D78E7}.Debug|x64.ActiveCfg = Debug|x64
		{2C28343E-3659-344D-B35F-D7F6D27D78E7}.Debug|x64.Build.0 = Debug|x64
		{2C28343E-3659-344D-B35F-D7F6D27D78E7}.Release|x64.ActiveCfg = Release|x64
		{2C28343E-3659-344D-B35F-D7F6D27D78E7}.Release|x64.Build.0 = Release|x64
		{2C28343E-3659-344D-B35F-D7F6D27D78E7}.MinSizeRel|x64.ActiveCfg = MinSizeRel|x64
		{2C28343E-3659-344D-B35F-D7F6D27D78E7}.MinSizeRel|x64.Build.0 = MinSizeRel|x64
		{2C28343E-3659-344D-B35F-D7F6D27D78E7}.RelWithDebInfo|x64.ActiveCfg = RelWithDebInfo|x64
		{2C28343E-3659-344D-B35F-D7F6D27D78E7}.RelWithDebInfo|x64.Build.0 = RelWithDebInfo|x64
	EndGlobalSection
	GlobalSection(ExtensibilityGlobals) = postSolution
		SolutionGuid = {8F689F79-CBEF-3614-B440-D773F1D44A29}
	EndGlobalSection
	GlobalSection(ExtensibilityAddIns) = postSolution
	EndGlobalSection
EndGlobal
